<?xml version="1.0" encoding="utf-8"?>
<Project ToolsVersion="4.0" xmlns="http://schemas.microsoft.com/developer/msbuild/2003">
  <ItemGroup>
    <Filter Include="Source Files">
      <UniqueIdentifier>{4FC737F1-C7A5-4376-A066-2A32D752A2FF}</UniqueIdentifier>
      <Extensions>cpp;c;cc;cxx;def;odl;idl;hpj;bat;asm;asmx</Extensions>
    </Filter>
    <Filter Include="Header Files">
      <UniqueIdentifier>{93995380-89BD-4b04-88EB-625FBE52EBFB}</UniqueIdentifier>
      <Extensions>h;hpp;hxx;hm;inl;inc;xsd</Extensions>
    </Filter>
    <Filter Include="Resource Files">
      <UniqueIdentifier>{67DA6AB6-F800-4c08-8B7A-83BB121AAD01}</UniqueIdentifier>
      <Extensions>rc;ico;cur;bmp;dlg;rc2;rct;bin;rgs;gif;jpg;jpeg;jpe;resx;tiff;tif;png;wav;mfcribbon-ms</Extensions>
    </Filter>
    <Filter Include="Source Files\Models">
      <UniqueIdentifier>{a27da475-4849-4d19-b295-6db8fe2638ef}</UniqueIdentifier>
    </Filter>
    <Filter Include="Header Files\Models">
      <UniqueIdentifier>{ba19159f-bfef-4238-9e87-b9eccd4322e4}</UniqueIdentifier>
    </Filter>
    <Filter Include="Source Files\Bitmap">
      <UniqueIdentifier>{285bddf4-0ec4-4289-959c-1e332c54eb40}</UniqueIdentifier>
    </Filter>
    <Filter Include="Header Files\Bitmap">
      <UniqueIdentifier>{d4618d8c-f7c2-4c40-9563-c95eacf75d8e}</UniqueIdentifier>
    </Filter>
    <Filter Include="Source Files\Collision">
      <UniqueIdentifier>{63e1ce93-6db6-4213-971e-26c12fc72632}</UniqueIdentifier>
    </Filter>
    <Filter Include="Header Files\Collision">
      <UniqueIdentifier>{1ab8d057-b5d8-4f5b-b55c-b8c93b992020}</UniqueIdentifier>
    </Filter>
    <Filter Include="Source Files\util">
      <UniqueIdentifier>{e396d0c3-725f-4a28-9207-6dc4212a329c}</UniqueIdentifier>
    </Filter>
    <Filter Include="Header Files\util">
      <UniqueIdentifier>{b0c1f671-d171-4c71-8429-5e0e90890e68}</UniqueIdentifier>
    </Filter>
    <Filter Include="Header Files\gui">
      <UniqueIdentifier>{f27628d8-9dbd-4653-bc79-702a88d65acb}</UniqueIdentifier>
    </Filter>
    <Filter Include="Source Files\gui">
      <UniqueIdentifier>{ec144efb-cad2-440f-96e5-4633c1bc374a}</UniqueIdentifier>
    </Filter>
  </ItemGroup>
  <ItemGroup>
    <ClCompile Include="Base.cpp">
      <Filter>Source Files</Filter>
    </ClCompile>
    <ClCompile Include="player.cpp">
      <Filter>Source Files\Models</Filter>
    </ClCompile>
    <ClCompile Include="model.cpp">
      <Filter>Source Files\Models</Filter>
    </ClCompile>
    <ClCompile Include="vertex.cpp">
      <Filter>Source Files\Models</Filter>
    </ClCompile>
    <ClCompile Include="GLlists.cpp">
      <Filter>Source Files\Models</Filter>
    </ClCompile>
    <ClCompile Include="bmp.cpp">
      <Filter>Source Files\Bitmap</Filter>
    </ClCompile>
    <ClCompile Include="Collision.cpp">
      <Filter>Source Files\Collision</Filter>
    </ClCompile>
    <ClCompile Include="ColVector.cpp">
      <Filter>Source Files\Collision</Filter>
    </ClCompile>
    <ClCompile Include="Output.cpp">
      <Filter>Source Files\util</Filter>
    </ClCompile>
    <ClCompile Include="shape.cpp">
      <Filter>Source Files\Models</Filter>
    </ClCompile>
    <ClCompile Include="polygon.cpp">
      <Filter>Source Files\Models</Filter>
    </ClCompile>
    <ClCompile Include="door.cpp">
      <Filter>Source Files\Models</Filter>
    </ClCompile>
    <ClCompile Include="gui.cpp">
      <Filter>Source Files\gui</Filter>
    </ClCompile>
    <ClCompile Include="texLoad.cpp">
      <Filter>Source Files\util</Filter>
    </ClCompile>
    <ClCompile Include="menu.cpp">
      <Filter>Source Files\gui</Filter>
    </ClCompile>
    <ClCompile Include="element.cpp">
      <Filter>Source Files\gui</Filter>
    </ClCompile>
    <ClCompile Include="button.cpp">
      <Filter>Source Files\gui</Filter>
    </ClCompile>
    <ClCompile Include="bullet.cpp">
      <Filter>Source Files\Models</Filter>
    </ClCompile>
    <ClCompile Include="interactive.cpp">
      <Filter>Source Files\Models</Filter>
    </ClCompile>
    <ClCompile Include="solid.cpp">
      <Filter>Source Files\Models</Filter>
    </ClCompile>
    <ClCompile Include="ModelControl.cpp">
      <Filter>Source Files\Models</Filter>
    </ClCompile>
    <ClCompile Include="fakemodel.cpp">
      <Filter>Source Files\Models</Filter>
    </ClCompile>
    <ClCompile Include="lighting.cpp">
      <Filter>Source Files\util</Filter>
    </ClCompile>
  </ItemGroup>
  <ItemGroup>
    <None Include="..\..\..\..\..\Users\aspurrel\Downloads\lesson07\Lesson07\Data\Crate.bmp">
      <Filter>Resource Files</Filter>
    </None>
  </ItemGroup>
  <ItemGroup>
    <ClInclude Include="model.h">
      <Filter>Header Files\Models</Filter>
    </ClInclude>
    <ClInclude Include="player.h">
      <Filter>Header Files\Models</Filter>
    </ClInclude>
    <ClInclude Include="vertex.h">
      <Filter>Header Files\Models</Filter>
    </ClInclude>
    <ClInclude Include="GLlists.h">
      <Filter>Header Files\Models</Filter>
    </ClInclude>
    <ClInclude Include="bmp.h">
      <Filter>Header Files\Bitmap</Filter>
    </ClInclude>
    <ClInclude Include="Collision.h">
      <Filter>Header Files\Collision</Filter>
    </ClInclude>
    <ClInclude Include="ColVector.h">
      <Filter>Header Files\Collision</Filter>
    </ClInclude>
    <ClInclude Include="Output.h">
      <Filter>Header Files\util</Filter>
    </ClInclude>
    <ClInclude Include="shape.h">
      <Filter>Header Files\Models</Filter>
    </ClInclude>
    <ClInclude Include="polygon.h">
      <Filter>Header Files\Models</Filter>
    </ClInclude>
    <ClInclude Include="door.h">
      <Filter>Header Files\Models</Filter>
    </ClInclude>
    <ClInclude Include="gui.h">
      <Filter>Header Files\gui</Filter>
    </ClInclude>
    <ClInclude Include="texLoad.h">
      <Filter>Header Files\util</Filter>
    </ClInclude>
    <ClInclude Include="menu.h">
      <Filter>Header Files\gui</Filter>
    </ClInclude>
    <ClInclude Include="button.h">
      <Filter>Header Files\gui</Filter>
    </ClInclude>
    <ClInclude Include="element.h">
      <Filter>Header Files\gui</Filter>
    </ClInclude>
    <ClInclude Include="bullet.h">
      <Filter>Header Files\Models</Filter>
    </ClInclude>
    <ClInclude Include="interactive.h">
      <Filter>Header Files\Models</Filter>
    </ClInclude>
    <ClInclude Include="solid.h">
      <Filter>Header Files\Models</Filter>
    </ClInclude>
    <ClInclude Include="ModelControl.h">
      <Filter>Header Files\Models</Filter>
    </ClInclude>
    <ClInclude Include="fakemodel.h">
      <Filter>Header Files\Models</Filter>
    </ClInclude>
    <ClInclude Include="lighting.h">
      <Filter>Header Files\util</Filter>
    </ClInclude>
  </ItemGroup>
</Project>